// !$*UTF8*$!
{
	archiveVersion = 1;
	classes = {
	};
	objectVersion = 77;
	objects = {

/* Begin PBXContainerItemProxy section */
		0B0FD7972CE4C9F300F1A5CB /* PBXContainerItemProxy */ = {
			isa = PBXContainerItemProxy;
			containerPortal = 0B0FD7792CE4C9F000F1A5CB /* Project object */;
			proxyType = 1;
			remoteGlobalIDString = 0B0FD7802CE4C9F000F1A5CB;
			remoteInfo = studyhub;
		};
		0B0FD7A12CE4C9F300F1A5CB /* PBXContainerItemProxy */ = {
			isa = PBXContainerItemProxy;
			containerPortal = 0B0FD7792CE4C9F000F1A5CB /* Project object */;
			proxyType = 1;
			remoteGlobalIDString = 0B0FD7802CE4C9F000F1A5CB;
			remoteInfo = studyhub;
		};
/* End PBXContainerItemProxy section */

/* Begin PBXFileReference section */
		0B0FD7812CE4C9F000F1A5CB /* studyhub.app */ = {isa = PBXFileReference; explicitFileType = wrapper.application; includeInIndex = 0; path = studyhub.app; sourceTree = BUILT_PRODUCTS_DIR; };
		0B0FD7962CE4C9F300F1A5CB /* studyhubTests.xctest */ = {isa = PBXFileReference; explicitFileType = wrapper.cfbundle; includeInIndex = 0; path = studyhubTests.xctest; sourceTree = BUILT_PRODUCTS_DIR; };
		0B0FD7A02CE4C9F300F1A5CB /* studyhubUITests.xctest */ = {isa = PBXFileReference; explicitFileType = wrapper.cfbundle; includeInIndex = 0; path = studyhubUITests.xctest; sourceTree = BUILT_PRODUCTS_DIR; };
/* End PBXFileReference section */

/* Begin PBXFileSystemSynchronizedBuildFileExceptionSet section */
		0B547A672CE71D2900258B30 /* Exceptions for "studyhub" folder in "studyhub" target */ = {
			isa = PBXFileSystemSynchronizedBuildFileExceptionSet;
			membershipExceptions = (
				"Preview Content/Models/TaskList.swift",
			);
			target = 0B0FD7802CE4C9F000F1A5CB /* studyhub */;
		};
		0B547A682CE71D2900258B30 /* Exceptions for "studyhub" folder in "studyhubUITests" target */ = {
			isa = PBXFileSystemSynchronizedBuildFileExceptionSet;
			membershipExceptions = (
				"Preview Content/Models/TaskList.swift",
			);
			target = 0B0FD79F2CE4C9F300F1A5CB /* studyhubUITests */;
		};
/* End PBXFileSystemSynchronizedBuildFileExceptionSet section */

/* Begin PBXFileSystemSynchronizedRootGroup section */
		0B0FD7832CE4C9F000F1A5CB /* studyhub */ = {
			isa = PBXFileSystemSynchronizedRootGroup;
			exceptions = (
				0B547A672CE71D2900258B30 /* Exceptions for "studyhub" folder in "studyhub" target */,
				0B547A682CE71D2900258B30 /* Exceptions for "studyhub" folder in "studyhubUITests" target */,
			);
			path = studyhub;
			sourceTree = "<group>";
		};
		0B0FD7992CE4C9F300F1A5CB /* studyhubTests */ = {
			isa = PBXFileSystemSynchronizedRootGroup;
			path = studyhubTests;
			sourceTree = "<group>";
		};
		0B0FD7A32CE4C9F300F1A5CB /* studyhubUITests */ = {
			isa = PBXFileSystemSynchronizedRootGroup;
			path = studyhubUITests;
			sourceTree = "<group>";
		};
/* End PBXFileSystemSynchronizedRootGroup section */

/* Begin PBXFrameworksBuildPhase section */
		0B0FD77E2CE4C9F000F1A5CB /* Frameworks */ = {
			isa = PBXFrameworksBuildPhase;
			buildActionMask = 2147483647;
			files = (
			);
			runOnlyForDeploymentPostprocessing = 0;
		};
		0B0FD7932CE4C9F300F1A5CB /* Frameworks */ = {
			isa = PBXFrameworksBuildPhase;
			buildActionMask = 2147483647;
			files = (
			);
			runOnlyForDeploymentPostprocessing = 0;
		};
		0B0FD79D2CE4C9F300F1A5CB /* Frameworks */ = {
			isa = PBXFrameworksBuildPhase;
			buildActionMask = 2147483647;
			files = (
			);
			runOnlyForDeploymentPostprocessing = 0;
		};
/* End PBXFrameworksBuildPhase section */

/* Begin PBXGroup section */
		0B0FD7782CE4C9F000F1A5CB = {
			isa = PBXGroup;
			children = (
				0B0FD7832CE4C9F000F1A5CB /* studyhub */,
				0B0FD7992CE4C9F300F1A5CB /* studyhubTests */,
				0B0FD7A32CE4C9F300F1A5CB /* studyhubUITests */,
				0B0FD7822CE4C9F000F1A5CB /* Products */,
			);
			sourceTree = "<group>";
		};
		0B0FD7822CE4C9F000F1A5CB /* Products */ = {
			isa = PBXGroup;
			children = (
				0B0FD7812CE4C9F000F1A5CB /* studyhub.app */,
				0B0FD7962CE4C9F300F1A5CB /* studyhubTests.xctest */,
				0B0FD7A02CE4C9F300F1A5CB /* studyhubUITests.xctest */,
			);
			name = Products;
			sourceTree = "<group>";
		};
/* End PBXGroup section */

/* Begin PBXNativeTarget section */
		0B0FD7802CE4C9F000F1A5CB /* studyhub */ = {
			isa = PBXNativeTarget;
			buildConfigurationList = 0B0FD7AA2CE4C9F300F1A5CB /* Build configuration list for PBXNativeTarget "studyhub" */;
			buildPhases = (
				0B0FD77D2CE4C9F000F1A5CB /* Sources */,
				0B0FD77E2CE4C9F000F1A5CB /* Frameworks */,
				0B0FD77F2CE4C9F000F1A5CB /* Resources */,
			);
			buildRules = (
			);
			dependencies = (
			);
			fileSystemSynchronizedGroups = (
				0B0FD7832CE4C9F000F1A5CB /* studyhub */,
			);
			name = studyhub;
			packageProductDependencies = (
			);
			productName = studyhub;
			productReference = 0B0FD7812CE4C9F000F1A5CB /* studyhub.app */;
			productType = "com.apple.product-type.application";
		};
		0B0FD7952CE4C9F300F1A5CB /* studyhubTests */ = {
			isa = PBXNativeTarget;
			buildConfigurationList = 0B0FD7AD2CE4C9F300F1A5CB /* Build configuration list for PBXNativeTarget "studyhubTests" */;
			buildPhases = (
				0B0FD7922CE4C9F300F1A5CB /* Sources */,
				0B0FD7932CE4C9F300F1A5CB /* Frameworks */,
				0B0FD7942CE4C9F300F1A5CB /* Resources */,
			);
			buildRules = (
			);
			dependencies = (
				0B0FD7982CE4C9F300F1A5CB /* PBXTargetDependency */,
			);
			fileSystemSynchronizedGroups = (
				0B0FD7992CE4C9F300F1A5CB /* studyhubTests */,
			);
			name = studyhubTests;
			packageProductDependencies = (
			);
			productName = studyhubTests;
			productReference = 0B0FD7962CE4C9F300F1A5CB /* studyhubTests.xctest */;
			productType = "com.apple.product-type.bundle.unit-test";
		};
		0B0FD79F2CE4C9F300F1A5CB /* studyhubUITests */ = {
			isa = PBXNativeTarget;
			buildConfigurationList = 0B0FD7B02CE4C9F300F1A5CB /* Build configuration list for PBXNativeTarget "studyhubUITests" */;
			buildPhases = (
				0B0FD79C2CE4C9F300F1A5CB /* Sources */,
				0B0FD79D2CE4C9F300F1A5CB /* Frameworks */,
				0B0FD79E2CE4C9F300F1A5CB /* Resources */,
			);
			buildRules = (
			);
			dependencies = (
				0B0FD7A22CE4C9F300F1A5CB /* PBXTargetDependency */,
			);
			fileSystemSynchronizedGroups = (
				0B0FD7A32CE4C9F300F1A5CB /* studyhubUITests */,
			);
			name = studyhubUITests;
			packageProductDependencies = (
			);
			productName = studyhubUITests;
			productReference = 0B0FD7A02CE4C9F300F1A5CB /* studyhubUITests.xctest */;
			productType = "com.apple.product-type.bundle.ui-testing";
		};
/* End PBXNativeTarget section */

/* Begin PBXProject section */
		0B0FD7792CE4C9F000F1A5CB /* Project object */ = {
			isa = PBXProject;
			attributes = {
				BuildIndependentTargetsInParallel = 1;
				LastSwiftUpdateCheck = 1610;
				LastUpgradeCheck = 1610;
				TargetAttributes = {
					0B0FD7802CE4C9F000F1A5CB = {
						CreatedOnToolsVersion = 16.1;
					};
					0B0FD7952CE4C9F300F1A5CB = {
						CreatedOnToolsVersion = 16.1;
						TestTargetID = 0B0FD7802CE4C9F000F1A5CB;
					};
					0B0FD79F2CE4C9F300F1A5CB = {
						CreatedOnToolsVersion = 16.1;
						TestTargetID = 0B0FD7802CE4C9F000F1A5CB;
					};
				};
			};
			buildConfigurationList = 0B0FD77C2CE4C9F000F1A5CB /* Build configuration list for PBXProject "studyhub" */;
			developmentRegion = en;
			hasScannedForEncodings = 0;
			knownRegions = (
				en,
				Base,
			);
			mainGroup = 0B0FD7782CE4C9F000F1A5CB;
			minimizedProjectReferenceProxies = 1;
			preferredProjectObjectVersion = 77;
			productRefGroup = 0B0FD7822CE4C9F000F1A5CB /* Products */;
			projectDirPath = "";
			projectRoot = "";
			targets = (
				0B0FD7802CE4C9F000F1A5CB /* studyhub */,
				0B0FD7952CE4C9F300F1A5CB /* studyhubTests */,
				0B0FD79F2CE4C9F300F1A5CB /* studyhubUITests */,
			);
		};
/* End PBXProject section */

/* Begin PBXResourcesBuildPhase section */
		0B0FD77F2CE4C9F000F1A5CB /* Resources */ = {
			isa = PBXResourcesBuildPhase;
			buildActionMask = 2147483647;
			files = (
			);
			runOnlyForDeploymentPostprocessing = 0;
		};
		0B0FD7942CE4C9F300F1A5CB /* Resources */ = {
			isa = PBXResourcesBuildPhase;
			buildActionMask = 2147483647;
			files = (
			);
			runOnlyForDeploymentPostprocessing = 0;
		};
		0B0FD79E2CE4C9F300F1A5CB /* Resources */ = {
			isa = PBXResourcesBuildPhase;
			buildActionMask = 2147483647;
			files = (
			);
			runOnlyForDeploymentPostprocessing = 0;
		};
/* End PBXResourcesBuildPhase section */

/* Begin PBXSourcesBuildPhase section */
		0B0FD77D2CE4C9F000F1A5CB /* Sources */ = {
			isa = PBXSourcesBuildPhase;
			buildActionMask = 2147483647;
			files = (
			);
			runOnlyForDeploymentPostprocessing = 0;
		};
		0B0FD7922CE4C9F300F1A5CB /* Sources */ = {
			isa = PBXSourcesBuildPhase;
			buildActionMask = 2147483647;
			files = (
			);
			runOnlyForDeploymentPostprocessing = 0;
		};
		0B0FD79C2CE4C9F300F1A5CB /* Sources */ = {
			isa = PBXSourcesBuildPhase;
			buildActionMask = 2147483647;
			files = (
			);
			runOnlyForDeploymentPostprocessing = 0;
		};
/* End PBXSourcesBuildPhase section */

/* Begin PBXTargetDependency section */
		0B0FD7982CE4C9F300F1A5CB /* PBXTargetDependency */ = {
			isa = PBXTargetDependency;
			target = 0B0FD7802CE4C9F000F1A5CB /* studyhub */;
			targetProxy = 0B0FD7972CE4C9F300F1A5CB /* PBXContainerItemProxy */;
		};
		0B0FD7A22CE4C9F300F1A5CB /* PBXTargetDependency */ = {
			isa = PBXTargetDependency;
			target = 0B0FD7802CE4C9F000F1A5CB /* studyhub */;
			targetProxy = 0B0FD7A12CE4C9F300F1A5CB /* PBXContainerItemProxy */;
		};
/* End PBXTargetDependency section */

/* Begin XCBuildConfiguration section */
		0B0FD7A82CE4C9F300F1A5CB /* Debug */ = {
			isa = XCBuildConfiguration;
			buildSettings = {
				ALWAYS_SEARCH_USER_PATHS = NO;
				ASSETCATALOG_COMPILER_GENERATE_SWIFT_ASSET_SYMBOL_EXTENSIONS = YES;
				CLANG_ANALYZER_NONNULL = YES;
				CLANG_ANALYZER_NUMBER_OBJECT_CONVERSION = YES_AGGRESSIVE;
				CLANG_CXX_LANGUAGE_STANDARD = "gnu++20";
				CLANG_ENABLE_MODULES = YES;
				CLANG_ENABLE_OBJC_ARC = YES;
				CLANG_ENABLE_OBJC_WEAK = YES;
				CLANG_WARN_BLOCK_CAPTURE_AUTORELEASING = YES;
				CLANG_WARN_BOOL_CONVERSION = YES;
				CLANG_WARN_COMMA = YES;
				CLANG_WARN_CONSTANT_CONVERSION = YES;
				CLANG_WARN_DEPRECATED_OBJC_IMPLEMENTATIONS = YES;
				CLANG_WARN_DIRECT_OBJC_ISA_USAGE = YES_ERROR;
				CLANG_WARN_DOCUMENTATION_COMMENTS = YES;
				CLANG_WARN_EMPTY_BODY = YES;
				CLANG_WARN_ENUM_CONVERSION = YES;
				CLANG_WARN_INFINITE_RECURSION = YES;
				CLANG_WARN_INT_CONVERSION = YES;
				CLANG_WARN_NON_LITERAL_NULL_CONVERSION = YES;
				CLANG_WARN_OBJC_IMPLICIT_RETAIN_SELF = YES;
				CLANG_WARN_OBJC_LITERAL_CONVERSION = YES;
				CLANG_WARN_OBJC_ROOT_CLASS = YES_ERROR;
				CLANG_WARN_QUOTED_INCLUDE_IN_FRAMEWORK_HEADER = YES;
				CLANG_WARN_RANGE_LOOP_ANALYSIS = YES;
				CLANG_WARN_STRICT_PROTOTYPES = YES;
				CLANG_WARN_SUSPICIOUS_MOVE = YES;
				CLANG_WARN_UNGUARDED_AVAILABILITY = YES_AGGRESSIVE;
				CLANG_WARN_UNREACHABLE_CODE = YES;
				CLANG_WARN__DUPLICATE_METHOD_MATCH = YES;
				COPY_PHASE_STRIP = NO;
				DEBUG_INFORMATION_FORMAT = dwarf;
				ENABLE_STRICT_OBJC_MSGSEND = YES;
				ENABLE_TESTABILITY = YES;
				ENABLE_USER_SCRIPT_SANDBOXING = YES;
				GCC_C_LANGUAGE_STANDARD = gnu17;
				GCC_DYNAMIC_NO_PIC = NO;
				GCC_NO_COMMON_BLOCKS = YES;
				GCC_OPTIMIZATION_LEVEL = 0;
				GCC_PREPROCESSOR_DEFINITIONS = (
					"DEBUG=1",
					"$(inherited)",
				);
				GCC_WARN_64_TO_32_BIT_CONVERSION = YES;
				GCC_WARN_ABOUT_RETURN_TYPE = YES_ERROR;
				GCC_WARN_UNDECLARED_SELECTOR = YES;
				GCC_WARN_UNINITIALIZED_AUTOS = YES_AGGRESSIVE;
				GCC_WARN_UNUSED_FUNCTION = YES;
				GCC_WARN_UNUSED_VARIABLE = YES;
				IPHONEOS_DEPLOYMENT_TARGET = 18.1;
				LOCALIZATION_PREFERS_STRING_CATALOGS = YES;
				MTL_ENABLE_DEBUG_INFO = INCLUDE_SOURCE;
				MTL_FAST_MATH = YES;
				ONLY_ACTIVE_ARCH = YES;
				SDKROOT = iphoneos;
				SWIFT_ACTIVE_COMPILATION_CONDITIONS = "DEBUG $(inherited)";
				SWIFT_OPTIMIZATION_LEVEL = "-Onone";
			};
			name = Debug;
		};
		0B0FD7A92CE4C9F300F1A5CB /* Release */ = {
			isa = XCBuildConfiguration;
			buildSettings = {
				ALWAYS_SEARCH_USER_PATHS = NO;
				ASSETCATALOG_COMPILER_GENERATE_SWIFT_ASSET_SYMBOL_EXTENSIONS = YES;
				CLANG_ANALYZER_NONNULL = YES;
				CLANG_ANALYZER_NUMBER_OBJECT_CONVERSION = YES_AGGRESSIVE;
				CLANG_CXX_LANGUAGE_STANDARD = "gnu++20";
				CLANG_ENABLE_MODULES = YES;
				CLANG_ENABLE_OBJC_ARC = YES;
				CLANG_ENABLE_OBJC_WEAK = YES;
				CLANG_WARN_BLOCK_CAPTURE_AUTORELEASING = YES;
				CLANG_WARN_BOOL_CONVERSION = YES;
				CLANG_WARN_COMMA = YES;
				CLANG_WARN_CONSTANT_CONVERSION = YES;
				CLANG_WARN_DEPRECATED_OBJC_IMPLEMENTATIONS = YES;
				CLANG_WARN_DIRECT_OBJC_ISA_USAGE = YES_ERROR;
				CLANG_WARN_DOCUMENTATION_COMMENTS = YES;
				CLANG_WARN_EMPTY_BODY = YES;
				CLANG_WARN_ENUM_CONVERSION = YES;
				CLANG_WARN_INFINITE_RECURSION = YES;
				CLANG_WARN_INT_CONVERSION = YES;
				CLANG_WARN_NON_LITERAL_NULL_CONVERSION = YES;
				CLANG_WARN_OBJC_IMPLICIT_RETAIN_SELF = YES;
				CLANG_WARN_OBJC_LITERAL_CONVERSION = YES;
				CLANG_WARN_OBJC_ROOT_CLASS = YES_ERROR;
				CLANG_WARN_QUOTED_INCLUDE_IN_FRAMEWORK_HEADER = YES;
				CLANG_WARN_RANGE_LOOP_ANALYSIS = YES;
				CLANG_WARN_STRICT_PROTOTYPES = YES;
				CLANG_WARN_SUSPICIOUS_MOVE = YES;
				CLANG_WARN_UNGUARDED_AVAILABILITY = YES_AGGRESSIVE;
				CLANG_WARN_UNREACHABLE_CODE = YES;
				CLANG_WARN__DUPLICATE_METHOD_MATCH = YES;
				COPY_PHASE_STRIP = NO;
				DEBUG_INFORMATION_FORMAT = "dwarf-with-dsym";
				ENABLE_NS_ASSERTIONS = NO;
				ENABLE_STRICT_OBJC_MSGSEND = YES;
				ENABLE_USER_SCRIPT_SANDBOXING = YES;
				GCC_C_LANGUAGE_STANDARD = gnu17;
				GCC_NO_COMMON_BLOCKS = YES;
				GCC_WARN_64_TO_32_BIT_CONVERSION = YES;
				GCC_WARN_ABOUT_RETURN_TYPE = YES_ERROR;
				GCC_WARN_UNDECLARED_SELECTOR = YES;
				GCC_WARN_UNINITIALIZED_AUTOS = YES_AGGRESSIVE;
				GCC_WARN_UNUSED_FUNCTION = YES;
				GCC_WARN_UNUSED_VARIABLE = YES;
				IPHONEOS_DEPLOYMENT_TARGET = 18.1;
				LOCALIZATION_PREFERS_STRING_CATALOGS = YES;
				MTL_ENABLE_DEBUG_INFO = NO;
				MTL_FAST_MATH = YES;
				SDKROOT = iphoneos;
				SWIFT_COMPILATION_MODE = wholemodule;
				VALIDATE_PRODUCT = YES;
			};
			name = Release;
		};
		0B0FD7AB2CE4C9F300F1A5CB /* Debug */ = {
			isa = XCBuildConfiguration;
			buildSettings = {
				ASSETCATALOG_COMPILER_APPICON_NAME = AppIcon;
				ASSETCATALOG_COMPILER_GLOBAL_ACCENT_COLOR_NAME = AccentColor;
				CODE_SIGN_STYLE = Automatic;
				CURRENT_PROJECT_VERSION = 1;
				DEVELOPMENT_ASSET_PATHS = "\"studyhub/Preview Content\"";
				DEVELOPMENT_TEAM = LUKRLT2BJ5;
				ENABLE_PREVIEWS = YES;
				GENERATE_INFOPLIST_FILE = YES;
				INFOPLIST_KEY_UIApplicationSceneManifest_Generation = YES;
				INFOPLIST_KEY_UIApplicationSupportsIndirectInputEvents = YES;
				INFOPLIST_KEY_UILaunchScreen_Generation = YES;
				INFOPLIST_KEY_UISupportedInterfaceOrientations_iPad = "UIInterfaceOrientationPortrait UIInterfaceOrientationPortraitUpsideDown UIInterfaceOrientationLandscapeLeft UIInterfaceOrientationLandscapeRight";
				INFOPLIST_KEY_UISupportedInterfaceOrientations_iPhone = "UIInterfaceOrientationPortrait UIInterfaceOrientationLandscapeLeft UIInterfaceOrientationLandscapeRight";
				LD_RUNPATH_SEARCH_PATHS = (
					"$(inherited)",
					"@executable_path/Frameworks",
				);
				MARKETING_VERSION = 1.0;
				PRODUCT_BUNDLE_IDENTIFIER = diasa.studyhub;
				PRODUCT_NAME = "$(TARGET_NAME)";
				SWIFT_EMIT_LOC_STRINGS = YES;
				SWIFT_VERSION = 5.0;
				TARGETED_DEVICE_FAMILY = "1,2";
			};
			name = Debug;
		};
		0B0FD7AC2CE4C9F300F1A5CB /* Release */ = {
			isa = XCBuildConfiguration;
			buildSettings = {
				ASSETCATALOG_COMPILER_APPICON_NAME = AppIcon;
				ASSETCATALOG_COMPILER_GLOBAL_ACCENT_COLOR_NAME = AccentColor;
				CODE_SIGN_STYLE = Automatic;
				CURRENT_PROJECT_VERSION = 1;
				DEVELOPMENT_ASSET_PATHS = "\"studyhub/Preview Content\"";
				DEVELOPMENT_TEAM = LUKRLT2BJ5;
				ENABLE_PREVIEWS = YES;
				GENERATE_INFOPLIST_FILE = YES;
				INFOPLIST_KEY_UIApplicationSceneManifest_Generation = YES;
				INFOPLIST_KEY_UIApplicationSupportsIndirectInputEvents = YES;
				INFOPLIST_KEY_UILaunchScreen_Generation = YES;
				INFOPLIST_KEY_UISupportedInterfaceOrientations_iPad = "UIInterfaceOrientationPortrait UIInterfaceOrientationPortraitUpsideDown UIInterfaceOrientationLandscapeLeft UIInterfaceOrientationLandscapeRight";
				INFOPLIST_KEY_UISupportedInterfaceOrientations_iPhone = "UIInterfaceOrientationPortrait UIInterfaceOrientationLandscapeLeft UIInterfaceOrientationLandscapeRight";
				LD_RUNPATH_SEARCH_PATHS = (
					"$(inherited)",
					"@executable_path/Frameworks",
				);
				MARKETING_VERSION = 1.0;
				PRODUCT_BUNDLE_IDENTIFIER = diasa.studyhub;
				PRODUCT_NAME = "$(TARGET_NAME)";
				SWIFT_EMIT_LOC_STRINGS = YES;
				SWIFT_VERSION = 5.0;
				TARGETED_DEVICE_FAMILY = "1,2";
			};
			name = Release;
		};
		0B0FD7AE2CE4C9F300F1A5CB /* Debug */ = {
			isa = XCBuildConfiguration;
			buildSettings = {
				BUNDLE_LOADER = "$(TEST_HOST)";
				CODE_SIGN_STYLE = Automatic;
				CURRENT_PROJECT_VERSION = 1;
				DEVELOPMENT_TEAM = LUKRLT2BJ5;
				GENERATE_INFOPLIST_FILE = YES;
				IPHONEOS_DEPLOYMENT_TARGET = 18.1;
				MARKETING_VERSION = 1.0;
				PRODUCT_BUNDLE_IDENTIFIER = diasa.studyhubTests;
				PRODUCT_NAME = "$(TARGET_NAME)";
				SWIFT_EMIT_LOC_STRINGS = NO;
				SWIFT_VERSION = 5.0;
				TARGETED_DEVICE_FAMILY = "1,2";
				TEST_HOST = "$(BUILT_PRODUCTS_DIR)/studyhub.app/$(BUNDLE_EXECUTABLE_FOLDER_PATH)/studyhub";
			};
			name = Debug;
		};
		0B0FD7AF2CE4C9F300F1A5CB /* Release */ = {
			isa = XCBuildConfiguration;
			buildSettings = {
				BUNDLE_LOADER = "$(TEST_HOST)";
				CODE_SIGN_STYLE = Automatic;
				CURRENT_PROJECT_VERSION = 1;
				DEVELOPMENT_TEAM = LUKRLT2BJ5;
				GENERATE_INFOPLIST_FILE = YES;
				IPHONEOS_DEPLOYMENT_TARGET = 18.1;
				MARKETING_VERSION = 1.0;
				PRODUCT_BUNDLE_IDENTIFIER = diasa.studyhubTests;
				PRODUCT_NAME = "$(TARGET_NAME)";
				SWIFT_EMIT_LOC_STRINGS = NO;
				SWIFT_VERSION = 5.0;
				TARGETED_DEVICE_FAMILY = "1,2";
				TEST_HOST = "$(BUILT_PRODUCTS_DIR)/studyhub.app/$(BUNDLE_EXECUTABLE_FOLDER_PATH)/studyhub";
			};
			name = Release;
		};
		0B0FD7B12CE4C9F300F1A5CB /* Debug */ = {
			isa = XCBuildConfiguration;
			buildSettings = {
				CODE_SIGN_STYLE = Automatic;
				CURRENT_PROJECT_VERSION = 1;
				DEVELOPMENT_TEAM = LUKRLT2BJ5;
				GENERATE_INFOPLIST_FILE = YES;
				MARKETING_VERSION = 1.0;
				PRODUCT_BUNDLE_IDENTIFIER = diasa.studyhubUITests;
				PRODUCT_NAME = "$(TARGET_NAME)";
				SWIFT_EMIT_LOC_STRINGS = NO;
				SWIFT_VERSION = 5.0;
				TARGETED_DEVICE_FAMILY = "1,2";
				TEST_TARGET_NAME = studyhub;
			};
			name = Debug;
		};
		0B0FD7B22CE4C9F300F1A5CB /* Release */ = {
			isa = XCBuildConfiguration;
			buildSettings = {
				CODE_SIGN_STYLE = Automatic;
				CURRENT_PROJECT_VERSION = 1;
				DEVELOPMENT_TEAM = LUKRLT2BJ5;
				GENERATE_INFOPLIST_FILE = YES;
				MARKETING_VERSION = 1.0;
				PRODUCT_BUNDLE_IDENTIFIER = diasa.studyhubUITests;
				PRODUCT_NAME = "$(TARGET_NAME)";
				SWIFT_EMIT_LOC_STRINGS = NO;
				SWIFT_VERSION = 5.0;
				TARGETED_DEVICE_FAMILY = "1,2";
				TEST_TARGET_NAME = studyhub;
			};
			name = Release;
		};
/* End XCBuildConfiguration section */

/* Begin XCConfigurationList section */
		0B0FD77C2CE4C9F000F1A5CB /* Build configuration list for PBXProject "studyhub" */ = {
			isa = XCConfigurationList;
			buildConfigurations = (
				0B0FD7A82CE4C9F300F1A5CB /* Debug */,
				0B0FD7A92CE4C9F300F1A5CB /* Release */,
			);
			defaultConfigurationIsVisible = 0;
			defaultConfigurationName = Release;
		};
		0B0FD7AA2CE4C9F300F1A5CB /* Build configuration list for PBXNativeTarget "studyhub" */ = {
			isa = XCConfigurationList;
			buildConfigurations = (
				0B0FD7AB2CE4C9F300F1A5CB /* Debug */,
				0B0FD7AC2CE4C9F300F1A5CB /* Release */,
			);
			defaultConfigurationIsVisible = 0;
			defaultConfigurationName = Release;
		};
		0B0FD7AD2CE4C9F300F1A5CB /* Build configuration list for PBXNativeTarget "studyhubTests" */ = {
			isa = XCConfigurationList;
			buildConfigurations = (
				0B0FD7AE2CE4C9F300F1A5CB /* Debug */,
				0B0FD7AF2CE4C9F300F1A5CB /* Release */,
			);
			defaultConfigurationIsVisible = 0;
			defaultConfigurationName = Release;
		};
		0B0FD7B02CE4C9F300F1A5CB /* Build configuration list for PBXNativeTarget "studyhubUITests" */ = {
			isa = XCConfigurationList;
			buildConfigurations = (
				0B0FD7B12CE4C9F300F1A5CB /* Debug */,
				0B0FD7B22CE4C9F300F1A5CB /* Release */,
			);
			defaultConfigurationIsVisible = 0;
			defaultConfigurationName = Release;
		};
/* End XCConfigurationList section */
	};
	rootObject = 0B0FD7792CE4C9F000F1A5CB /* Project object */;
}
